
Microsoft Visual Studio Solution File, Format Version 12.00
# Visual Studio Version 16
VisualStudioVersion = 16.0.31005.135
MinimumVisualStudioVersion = 10.0.40219.1
Project("{FAE04EC0-301F-11D3-BF4B-00C04F79EFBC}") = "HappyCoding04232021_Homework", "HappyCoding04232021_Homework\HappyCoding04232021_Homework.csproj", "{2947AD9F-AB9F-4528-84B8-9E4FAD7708FA}"
EndProject
Global
	GlobalSection(SolutionConfigurationPlatforms) = preSolution
		Debug|Any CPU = Debug|Any CPU
		Release|Any CPU = Release|Any CPU
	EndGlobalSection
	GlobalSection(ProjectConfigurationPlatforms) = postSolution
		{2947AD9F-AB9F-4528-84B8-9E4FAD7708FA}.Debug|Any CPU.ActiveCfg = Debug|Any CPU
		{2947AD9F-AB9F-4528-84B8-9E4FAD7708FA}.Debug|Any CPU.Build.0 = Debug|Any CPU
		{2947AD9F-AB9F-4528-84B8-9E4FAD7708FA}.Release|Any CPU.ActiveCfg = Release|Any CPU
		{2947AD9F-AB9F-4528-84B8-9E4FAD7708FA}.Release|Any CPU.Build.0 = Release|Any CPU
	EndGlobalSection
	GlobalSection(SolutionProperties) = preSolution
		HideSolutionNode = FALSE
	EndGlobalSection
	GlobalSection(ExtensibilityGlobals) = postSolution
		SolutionGuid = {042856D8-4B9D-4F4F-92D9-4286C10E7913}
	EndGlobalSection
EndGlobal
